// !$*UTF8*$!
{
	archiveVersion = 1;
	classes = {
	};
	objectVersion = 55;
	objects = {

/* Begin PBXBuildFile section */
		DF0FA0A328C3CEA300F6DFB7 /* genres.json in Resources */ = {isa = PBXBuildFile; fileRef = DF0FA0A228C3CEA300F6DFB7 /* genres.json */; };
		DF0FA0A528C3CF5900F6DFB7 /* movies.json in Resources */ = {isa = PBXBuildFile; fileRef = DF0FA0A428C3CF5800F6DFB7 /* movies.json */; };
		DF608F6128C2AEE600A29125 /* AppDelegate.swift in Sources */ = {isa = PBXBuildFile; fileRef = DF608F6028C2AEE600A29125 /* AppDelegate.swift */; };
		DF608F6328C2AEE600A29125 /* SceneDelegate.swift in Sources */ = {isa = PBXBuildFile; fileRef = DF608F6228C2AEE600A29125 /* SceneDelegate.swift */; };
		DF608F6528C2AEE600A29125 /* ViewController.swift in Sources */ = {isa = PBXBuildFile; fileRef = DF608F6428C2AEE600A29125 /* ViewController.swift */; };
		DF608F6D28C2AEEA00A29125 /* LaunchScreen.storyboard in Resources */ = {isa = PBXBuildFile; fileRef = DF608F6B28C2AEEA00A29125 /* LaunchScreen.storyboard */; };
		DF608F7528C2AF6900A29125 /* HomeViewController.swift in Sources */ = {isa = PBXBuildFile; fileRef = DF608F7428C2AF6900A29125 /* HomeViewController.swift */; };
		DF608F7728C2AF8000A29125 /* DetailViewController.swift in Sources */ = {isa = PBXBuildFile; fileRef = DF608F7628C2AF8000A29125 /* DetailViewController.swift */; };
		DF608F7928C2B02100A29125 /* ViewMoreViewController.swift in Sources */ = {isa = PBXBuildFile; fileRef = DF608F7828C2B02100A29125 /* ViewMoreViewController.swift */; };
		DF608F7B28C2BBC300A29125 /* FavoritesViewController.swift in Sources */ = {isa = PBXBuildFile; fileRef = DF608F7A28C2BBC300A29125 /* FavoritesViewController.swift */; };
		DF608F7D28C2BBED00A29125 /* HelpViewController.swift in Sources */ = {isa = PBXBuildFile; fileRef = DF608F7C28C2BBED00A29125 /* HelpViewController.swift */; };
		DF608F8328C2BE7100A29125 /* Main.storyboard in Resources */ = {isa = PBXBuildFile; fileRef = DF608F8228C2BE7100A29125 /* Main.storyboard */; };
		DF608F8528C2BEBA00A29125 /* Assets.xcassets in Resources */ = {isa = PBXBuildFile; fileRef = DF608F8428C2BEBA00A29125 /* Assets.xcassets */; };
		DF608F9528C3A11600A29125 /* CustomImageView.swift in Sources */ = {isa = PBXBuildFile; fileRef = DF608F9328C3A11500A29125 /* CustomImageView.swift */; };
		DF608F9628C3A11600A29125 /* CustomUIView.swift in Sources */ = {isa = PBXBuildFile; fileRef = DF608F9428C3A11600A29125 /* CustomUIView.swift */; };
		DF608F9E28C3A99800A29125 /* Movie.swift in Sources */ = {isa = PBXBuildFile; fileRef = DF608F9D28C3A99800A29125 /* Movie.swift */; };
		DF608FA028C3AE2200A29125 /* MovieDataManager.swift in Sources */ = {isa = PBXBuildFile; fileRef = DF608F9F28C3AE2200A29125 /* MovieDataManager.swift */; };
		DF608FA228C3BBC600A29125 /* Genre.swift in Sources */ = {isa = PBXBuildFile; fileRef = DF608FA128C3BBC600A29125 /* Genre.swift */; };
		DF608FA428C3BC6A00A29125 /* GenreDataManager.swift in Sources */ = {isa = PBXBuildFile; fileRef = DF608FA328C3BC6A00A29125 /* GenreDataManager.swift */; };
/* End PBXBuildFile section */

/* Begin PBXFileReference section */
		DF0FA0A228C3CEA300F6DFB7 /* genres.json */ = {isa = PBXFileReference; fileEncoding = 4; lastKnownFileType = text.json; name = genres.json; path = ../../../../../Downloads/Data/genres.json; sourceTree = "<group>"; };
		DF0FA0A428C3CF5800F6DFB7 /* movies.json */ = {isa = PBXFileReference; fileEncoding = 4; lastKnownFileType = text.json; name = movies.json; path = ../../../../../Downloads/movies.json; sourceTree = "<group>"; };
		DF608F5D28C2AEE600A29125 /* NavigationApp.app */ = {isa = PBXFileReference; explicitFileType = wrapper.application; includeInIndex = 0; path = NavigationApp.app; sourceTree = BUILT_PRODUCTS_DIR; };
		DF608F6028C2AEE600A29125 /* AppDelegate.swift */ = {isa = PBXFileReference; lastKnownFileType = sourcecode.swift; path = AppDelegate.swift; sourceTree = "<group>"; };
		DF608F6228C2AEE600A29125 /* SceneDelegate.swift */ = {isa = PBXFileReference; lastKnownFileType = sourcecode.swift; path = SceneDelegate.swift; sourceTree = "<group>"; };
		DF608F6428C2AEE600A29125 /* ViewController.swift */ = {isa = PBXFileReference; lastKnownFileType = sourcecode.swift; path = ViewController.swift; sourceTree = "<group>"; };
		DF608F6C28C2AEEA00A29125 /* Base */ = {isa = PBXFileReference; lastKnownFileType = file.storyboard; name = Base; path = Base.lproj/LaunchScreen.storyboard; sourceTree = "<group>"; };
		DF608F6E28C2AEEA00A29125 /* Info.plist */ = {isa = PBXFileReference; lastKnownFileType = text.plist.xml; path = Info.plist; sourceTree = "<group>"; };
		DF608F7428C2AF6900A29125 /* HomeViewController.swift */ = {isa = PBXFileReference; lastKnownFileType = sourcecode.swift; path = HomeViewController.swift; sourceTree = "<group>"; };
		DF608F7628C2AF8000A29125 /* DetailViewController.swift */ = {isa = PBXFileReference; lastKnownFileType = sourcecode.swift; path = DetailViewController.swift; sourceTree = "<group>"; };
		DF608F7828C2B02100A29125 /* ViewMoreViewController.swift */ = {isa = PBXFileReference; lastKnownFileType = sourcecode.swift; path = ViewMoreViewController.swift; sourceTree = "<group>"; };
		DF608F7A28C2BBC300A29125 /* FavoritesViewController.swift */ = {isa = PBXFileReference; lastKnownFileType = sourcecode.swift; path = FavoritesViewController.swift; sourceTree = "<group>"; };
		DF608F7C28C2BBED00A29125 /* HelpViewController.swift */ = {isa = PBXFileReference; lastKnownFileType = sourcecode.swift; path = HelpViewController.swift; sourceTree = "<group>"; };
		DF608F8228C2BE7100A29125 /* Main.storyboard */ = {isa = PBXFileReference; fileEncoding = 4; lastKnownFileType = file.storyboard; path = Main.storyboard; sourceTree = "<group>"; };
		DF608F8428C2BEBA00A29125 /* Assets.xcassets */ = {isa = PBXFileReference; lastKnownFileType = folder.assetcatalog; name = Assets.xcassets; path = ../../../../Downloads/Assets.xcassets; sourceTree = "<group>"; };
		DF608F9328C3A11500A29125 /* CustomImageView.swift */ = {isa = PBXFileReference; fileEncoding = 4; lastKnownFileType = sourcecode.swift; name = CustomImageView.swift; path = ../../../../../Downloads/Archivo/CustomImageView.swift; sourceTree = "<group>"; };
		DF608F9428C3A11600A29125 /* CustomUIView.swift */ = {isa = PBXFileReference; fileEncoding = 4; lastKnownFileType = sourcecode.swift; name = CustomUIView.swift; path = ../../../../../Downloads/Archivo/CustomUIView.swift; sourceTree = "<group>"; };
		DF608F9D28C3A99800A29125 /* Movie.swift */ = {isa = PBXFileReference; lastKnownFileType = sourcecode.swift; path = Movie.swift; sourceTree = "<group>"; };
		DF608F9F28C3AE2200A29125 /* MovieDataManager.swift */ = {isa = PBXFileReference; lastKnownFileType = sourcecode.swift; path = MovieDataManager.swift; sourceTree = "<group>"; };
		DF608FA128C3BBC600A29125 /* Genre.swift */ = {isa = PBXFileReference; lastKnownFileType = sourcecode.swift; path = Genre.swift; sourceTree = "<group>"; };
		DF608FA328C3BC6A00A29125 /* GenreDataManager.swift */ = {isa = PBXFileReference; lastKnownFileType = sourcecode.swift; path = GenreDataManager.swift; sourceTree = "<group>"; };
/* End PBXFileReference section */

/* Begin PBXFrameworksBuildPhase section */
		DF608F5A28C2AEE600A29125 /* Frameworks */ = {
			isa = PBXFrameworksBuildPhase;
			buildActionMask = 2147483647;
			files = (
			);
			runOnlyForDeploymentPostprocessing = 0;
		};
/* End PBXFrameworksBuildPhase section */

/* Begin PBXGroup section */
		DF0FA09B28C3C7B700F6DFB7 /* Data */ = {
			isa = PBXGroup;
			children = (
				DF0FA0A428C3CF5800F6DFB7 /* movies.json */,
				DF0FA0A228C3CEA300F6DFB7 /* genres.json */,
			);
			path = Data;
			sourceTree = "<group>";
		};
		DF608F5428C2AEE600A29125 = {
			isa = PBXGroup;
			children = (
				DF608F5F28C2AEE600A29125 /* NavigationApp */,
				DF608F5E28C2AEE600A29125 /* Products */,
			);
			sourceTree = "<group>";
		};
		DF608F5E28C2AEE600A29125 /* Products */ = {
			isa = PBXGroup;
			children = (
				DF608F5D28C2AEE600A29125 /* NavigationApp.app */,
			);
			name = Products;
			sourceTree = "<group>";
		};
		DF608F5F28C2AEE600A29125 /* NavigationApp */ = {
			isa = PBXGroup;
			children = (
				DF0FA09B28C3C7B700F6DFB7 /* Data */,
				DF608F9C28C3A92800A29125 /* Model */,
				DF608F8628C39E1C00A29125 /* Helpers */,
				DF608F6028C2AEE600A29125 /* AppDelegate.swift */,
				DF608F6228C2AEE600A29125 /* SceneDelegate.swift */,
				DF608F7428C2AF6900A29125 /* HomeViewController.swift */,
				DF608F7828C2B02100A29125 /* ViewMoreViewController.swift */,
				DF608F7628C2AF8000A29125 /* DetailViewController.swift */,
				DF608F7A28C2BBC300A29125 /* FavoritesViewController.swift */,
				DF608F6428C2AEE600A29125 /* ViewController.swift */,
				DF608F8228C2BE7100A29125 /* Main.storyboard */,
				DF608F6B28C2AEEA00A29125 /* LaunchScreen.storyboard */,
				DF608F8428C2BEBA00A29125 /* Assets.xcassets */,
				DF608F6E28C2AEEA00A29125 /* Info.plist */,
				DF608F7C28C2BBED00A29125 /* HelpViewController.swift */,
			);
			path = NavigationApp;
			sourceTree = "<group>";
		};
		DF608F8628C39E1C00A29125 /* Helpers */ = {
			isa = PBXGroup;
			children = (
				DF608F9328C3A11500A29125 /* CustomImageView.swift */,
				DF608F9428C3A11600A29125 /* CustomUIView.swift */,
			);
			path = Helpers;
			sourceTree = "<group>";
		};
		DF608F9C28C3A92800A29125 /* Model */ = {
			isa = PBXGroup;
			children = (
				DF608F9D28C3A99800A29125 /* Movie.swift */,
				DF608F9F28C3AE2200A29125 /* MovieDataManager.swift */,
				DF608FA128C3BBC600A29125 /* Genre.swift */,
				DF608FA328C3BC6A00A29125 /* GenreDataManager.swift */,
			);
			path = Model;
			sourceTree = "<group>";
		};
/* End PBXGroup section */

/* Begin PBXNativeTarget section */
		DF608F5C28C2AEE600A29125 /* NavigationApp */ = {
			isa = PBXNativeTarget;
			buildConfigurationList = DF608F7128C2AEEA00A29125 /* Build configuration list for PBXNativeTarget "NavigationApp" */;
			buildPhases = (
				DF608F5928C2AEE600A29125 /* Sources */,
				DF608F5A28C2AEE600A29125 /* Frameworks */,
				DF608F5B28C2AEE600A29125 /* Resources */,
			);
			buildRules = (
			);
			dependencies = (
			);
			name = NavigationApp;
			productName = NavigationApp;
			productReference = DF608F5D28C2AEE600A29125 /* NavigationApp.app */;
			productType = "com.apple.product-type.application";
		};
/* End PBXNativeTarget section */

/* Begin PBXProject section */
		DF608F5528C2AEE600A29125 /* Project object */ = {
			isa = PBXProject;
			attributes = {
				BuildIndependentTargetsInParallel = 1;
				LastSwiftUpdateCheck = 1340;
				LastUpgradeCheck = 1340;
				TargetAttributes = {
					DF608F5C28C2AEE600A29125 = {
						CreatedOnToolsVersion = 13.4.1;
					};
				};
			};
			buildConfigurationList = DF608F5828C2AEE600A29125 /* Build configuration list for PBXProject "NavigationApp" */;
			compatibilityVersion = "Xcode 13.0";
			developmentRegion = en;
			hasScannedForEncodings = 0;
			knownRegions = (
				en,
				Base,
			);
			mainGroup = DF608F5428C2AEE600A29125;
			productRefGroup = DF608F5E28C2AEE600A29125 /* Products */;
			projectDirPath = "";
			projectRoot = "";
			targets = (
				DF608F5C28C2AEE600A29125 /* NavigationApp */,
			);
		};
/* End PBXProject section */

/* Begin PBXResourcesBuildPhase section */
		DF608F5B28C2AEE600A29125 /* Resources */ = {
			isa = PBXResourcesBuildPhase;
			buildActionMask = 2147483647;
			files = (
				DF608F8328C2BE7100A29125 /* Main.storyboard in Resources */,
				DF608F8528C2BEBA00A29125 /* Assets.xcassets in Resources */,
				DF0FA0A528C3CF5900F6DFB7 /* movies.json in Resources */,
				DF608F6D28C2AEEA00A29125 /* LaunchScreen.storyboard in Resources */,
				DF0FA0A328C3CEA300F6DFB7 /* genres.json in Resources */,
			);
			runOnlyForDeploymentPostprocessing = 0;
		};
/* End PBXResourcesBuildPhase section */

/* Begin PBXSourcesBuildPhase section */
		DF608F5928C2AEE600A29125 /* Sources */ = {
			isa = PBXSourcesBuildPhase;
			buildActionMask = 2147483647;
			files = (
				DF608F7928C2B02100A29125 /* ViewMoreViewController.swift in Sources */,
				DF608F6528C2AEE600A29125 /* ViewController.swift in Sources */,
				DF608F7B28C2BBC300A29125 /* FavoritesViewController.swift in Sources */,
				DF608FA428C3BC6A00A29125 /* GenreDataManager.swift in Sources */,
				DF608F9628C3A11600A29125 /* CustomUIView.swift in Sources */,
				DF608F7D28C2BBED00A29125 /* HelpViewController.swift in Sources */,
				DF608F6128C2AEE600A29125 /* AppDelegate.swift in Sources */,
				DF608FA028C3AE2200A29125 /* MovieDataManager.swift in Sources */,
				DF608F7728C2AF8000A29125 /* DetailViewController.swift in Sources */,
				DF608F6328C2AEE600A29125 /* SceneDelegate.swift in Sources */,
				DF608FA228C3BBC600A29125 /* Genre.swift in Sources */,
				DF608F7528C2AF6900A29125 /* HomeViewController.swift in Sources */,
				DF608F9E28C3A99800A29125 /* Movie.swift in Sources */,
				DF608F9528C3A11600A29125 /* CustomImageView.swift in Sources */,
			);
			runOnlyForDeploymentPostprocessing = 0;
		};
/* End PBXSourcesBuildPhase section */

/* Begin PBXVariantGroup section */
		DF608F6B28C2AEEA00A29125 /* LaunchScreen.storyboard */ = {
			isa = PBXVariantGroup;
			children = (
				DF608F6C28C2AEEA00A29125 /* Base */,
			);
			name = LaunchScreen.storyboard;
			sourceTree = "<group>";
		};
/* End PBXVariantGroup section */

/* Begin XCBuildConfiguration section */
		DF608F6F28C2AEEA00A29125 /* Debug */ = {
			isa = XCBuildConfiguration;
			buildSettings = {
				ALWAYS_SEARCH_USER_PATHS = NO;
				CLANG_ANALYZER_NONNULL = YES;
				CLANG_ANALYZER_NUMBER_OBJECT_CONVERSION = YES_AGGRESSIVE;
				CLANG_CXX_LANGUAGE_STANDARD = "gnu++17";
				CLANG_ENABLE_MODULES = YES;
				CLANG_ENABLE_OBJC_ARC = YES;
				CLANG_ENABLE_OBJC_WEAK = YES;
				CLANG_WARN_BLOCK_CAPTURE_AUTORELEASING = YES;
				CLANG_WARN_BOOL_CONVERSION = YES;
				CLANG_WARN_COMMA = YES;
				CLANG_WARN_CONSTANT_CONVERSION = YES;
				CLANG_WARN_DEPRECATED_OBJC_IMPLEMENTATIONS = YES;
				CLANG_WARN_DIRECT_OBJC_ISA_USAGE = YES_ERROR;
				CLANG_WARN_DOCUMENTATION_COMMENTS = YES;
				CLANG_WARN_EMPTY_BODY = YES;
				CLANG_WARN_ENUM_CONVERSION = YES;
				CLANG_WARN_INFINITE_RECURSION = YES;
				CLANG_WARN_INT_CONVERSION = YES;
				CLANG_WARN_NON_LITERAL_NULL_CONVERSION = YES;
				CLANG_WARN_OBJC_IMPLICIT_RETAIN_SELF = YES;
				CLANG_WARN_OBJC_LITERAL_CONVERSION = YES;
				CLANG_WARN_OBJC_ROOT_CLASS = YES_ERROR;
				CLANG_WARN_QUOTED_INCLUDE_IN_FRAMEWORK_HEADER = YES;
				CLANG_WARN_RANGE_LOOP_ANALYSIS = YES;
				CLANG_WARN_STRICT_PROTOTYPES = YES;
				CLANG_WARN_SUSPICIOUS_MOVE = YES;
				CLANG_WARN_UNGUARDED_AVAILABILITY = YES_AGGRESSIVE;
				CLANG_WARN_UNREACHABLE_CODE = YES;
				CLANG_WARN__DUPLICATE_METHOD_MATCH = YES;
				COPY_PHASE_STRIP = NO;
				DEBUG_INFORMATION_FORMAT = dwarf;
				ENABLE_STRICT_OBJC_MSGSEND = YES;
				ENABLE_TESTABILITY = YES;
				GCC_C_LANGUAGE_STANDARD = gnu11;
				GCC_DYNAMIC_NO_PIC = NO;
				GCC_NO_COMMON_BLOCKS = YES;
				GCC_OPTIMIZATION_LEVEL = 0;
				GCC_PREPROCESSOR_DEFINITIONS = (
					"DEBUG=1",
					"$(inherited)",
				);
				GCC_WARN_64_TO_32_BIT_CONVERSION = YES;
				GCC_WARN_ABOUT_RETURN_TYPE = YES_ERROR;
				GCC_WARN_UNDECLARED_SELECTOR = YES;
				GCC_WARN_UNINITIALIZED_AUTOS = YES_AGGRESSIVE;
				GCC_WARN_UNUSED_FUNCTION = YES;
				GCC_WARN_UNUSED_VARIABLE = YES;
				IPHONEOS_DEPLOYMENT_TARGET = 15.5;
				MTL_ENABLE_DEBUG_INFO = INCLUDE_SOURCE;
				MTL_FAST_MATH = YES;
				ONLY_ACTIVE_ARCH = YES;
				SDKROOT = iphoneos;
				SWIFT_ACTIVE_COMPILATION_CONDITIONS = DEBUG;
				SWIFT_OPTIMIZATION_LEVEL = "-Onone";
			};
			name = Debug;
		};
		DF608F7028C2AEEA00A29125 /* Release */ = {
			isa = XCBuildConfiguration;
			buildSettings = {
				ALWAYS_SEARCH_USER_PATHS = NO;
				CLANG_ANALYZER_NONNULL = YES;
				CLANG_ANALYZER_NUMBER_OBJECT_CONVERSION = YES_AGGRESSIVE;
				CLANG_CXX_LANGUAGE_STANDARD = "gnu++17";
				CLANG_ENABLE_MODULES = YES;
				CLANG_ENABLE_OBJC_ARC = YES;
				CLANG_ENABLE_OBJC_WEAK = YES;
				CLANG_WARN_BLOCK_CAPTURE_AUTORELEASING = YES;
				CLANG_WARN_BOOL_CONVERSION = YES;
				CLANG_WARN_COMMA = YES;
				CLANG_WARN_CONSTANT_CONVERSION = YES;
				CLANG_WARN_DEPRECATED_OBJC_IMPLEMENTATIONS = YES;
				CLANG_WARN_DIRECT_OBJC_ISA_USAGE = YES_ERROR;
				CLANG_WARN_DOCUMENTATION_COMMENTS = YES;
				CLANG_WARN_EMPTY_BODY = YES;
				CLANG_WARN_ENUM_CONVERSION = YES;
				CLANG_WARN_INFINITE_RECURSION = YES;
				CLANG_WARN_INT_CONVERSION = YES;
				CLANG_WARN_NON_LITERAL_NULL_CONVERSION = YES;
				CLANG_WARN_OBJC_IMPLICIT_RETAIN_SELF = YES;
				CLANG_WARN_OBJC_LITERAL_CONVERSION = YES;
				CLANG_WARN_OBJC_ROOT_CLASS = YES_ERROR;
				CLANG_WARN_QUOTED_INCLUDE_IN_FRAMEWORK_HEADER = YES;
				CLANG_WARN_RANGE_LOOP_ANALYSIS = YES;
				CLANG_WARN_STRICT_PROTOTYPES = YES;
				CLANG_WARN_SUSPICIOUS_MOVE = YES;
				CLANG_WARN_UNGUARDED_AVAILABILITY = YES_AGGRESSIVE;
				CLANG_WARN_UNREACHABLE_CODE = YES;
				CLANG_WARN__DUPLICATE_METHOD_MATCH = YES;
				COPY_PHASE_STRIP = NO;
				DEBUG_INFORMATION_FORMAT = "dwarf-with-dsym";
				ENABLE_NS_ASSERTIONS = NO;
				ENABLE_STRICT_OBJC_MSGSEND = YES;
				GCC_C_LANGUAGE_STANDARD = gnu11;
				GCC_NO_COMMON_BLOCKS = YES;
				GCC_WARN_64_TO_32_BIT_CONVERSION = YES;
				GCC_WARN_ABOUT_RETURN_TYPE = YES_ERROR;
				GCC_WARN_UNDECLARED_SELECTOR = YES;
				GCC_WARN_UNINITIALIZED_AUTOS = YES_AGGRESSIVE;
				GCC_WARN_UNUSED_FUNCTION = YES;
				GCC_WARN_UNUSED_VARIABLE = YES;
				IPHONEOS_DEPLOYMENT_TARGET = 15.5;
				MTL_ENABLE_DEBUG_INFO = NO;
				MTL_FAST_MATH = YES;
				SDKROOT = iphoneos;
				SWIFT_COMPILATION_MODE = wholemodule;
				SWIFT_OPTIMIZATION_LEVEL = "-O";
				VALIDATE_PRODUCT = YES;
			};
			name = Release;
		};
		DF608F7228C2AEEA00A29125 /* Debug */ = {
			isa = XCBuildConfiguration;
			buildSettings = {
				ASSETCATALOG_COMPILER_APPICON_NAME = AppIcon;
				ASSETCATALOG_COMPILER_GLOBAL_ACCENT_COLOR_NAME = AccentColor;
				CODE_SIGN_STYLE = Automatic;
				CURRENT_PROJECT_VERSION = 1;
				DEVELOPMENT_TEAM = FMFK298Y2K;
				GENERATE_INFOPLIST_FILE = YES;
				INFOPLIST_FILE = NavigationApp/Info.plist;
				INFOPLIST_KEY_UIApplicationSupportsIndirectInputEvents = YES;
				INFOPLIST_KEY_UILaunchStoryboardName = LaunchScreen;
				INFOPLIST_KEY_UIMainStoryboardFile = Main;
				INFOPLIST_KEY_UISupportedInterfaceOrientations_iPad = "UIInterfaceOrientationPortrait UIInterfaceOrientationPortraitUpsideDown UIInterfaceOrientationLandscapeLeft UIInterfaceOrientationLandscapeRight";
				INFOPLIST_KEY_UISupportedInterfaceOrientations_iPhone = "UIInterfaceOrientationPortrait UIInterfaceOrientationLandscapeLeft UIInterfaceOrientationLandscapeRight";
				LD_RUNPATH_SEARCH_PATHS = (
					"$(inherited)",
					"@executable_path/Frameworks",
				);
				MARKETING_VERSION = 1.0;
				PRODUCT_BUNDLE_IDENTIFIER = com.php.ico.NavigationApp;
				PRODUCT_NAME = "$(TARGET_NAME)";
				SWIFT_EMIT_LOC_STRINGS = YES;
				SWIFT_VERSION = 5.0;
				TARGETED_DEVICE_FAMILY = "1,2";
			};
			name = Debug;
		};
		DF608F7328C2AEEA00A29125 /* Release */ = {
			isa = XCBuildConfiguration;
			buildSettings = {
				ASSETCATALOG_COMPILER_APPICON_NAME = AppIcon;
				ASSETCATALOG_COMPILER_GLOBAL_ACCENT_COLOR_NAME = AccentColor;
				CODE_SIGN_STYLE = Automatic;
				CURRENT_PROJECT_VERSION = 1;
				DEVELOPMENT_TEAM = FMFK298Y2K;
				GENERATE_INFOPLIST_FILE = YES;
				INFOPLIST_FILE = NavigationApp/Info.plist;
				INFOPLIST_KEY_UIApplicationSupportsIndirectInputEvents = YES;
				INFOPLIST_KEY_UILaunchStoryboardName = LaunchScreen;
				INFOPLIST_KEY_UIMainStoryboardFile = Main;
				INFOPLIST_KEY_UISupportedInterfaceOrientations_iPad = "UIInterfaceOrientationPortrait UIInterfaceOrientationPortraitUpsideDown UIInterfaceOrientationLandscapeLeft UIInterfaceOrientationLandscapeRight";
				INFOPLIST_KEY_UISupportedInterfaceOrientations_iPhone = "UIInterfaceOrientationPortrait UIInterfaceOrientationLandscapeLeft UIInterfaceOrientationLandscapeRight";
				LD_RUNPATH_SEARCH_PATHS = (
					"$(inherited)",
					"@executable_path/Frameworks",
				);
				MARKETING_VERSION = 1.0;
				PRODUCT_BUNDLE_IDENTIFIER = com.php.ico.NavigationApp;
				PRODUCT_NAME = "$(TARGET_NAME)";
				SWIFT_EMIT_LOC_STRINGS = YES;
				SWIFT_VERSION = 5.0;
				TARGETED_DEVICE_FAMILY = "1,2";
			};
			name = Release;
		};
/* End XCBuildConfiguration section */

/* Begin XCConfigurationList section */
		DF608F5828C2AEE600A29125 /* Build configuration list for PBXProject "NavigationApp" */ = {
			isa = XCConfigurationList;
			buildConfigurations = (
				DF608F6F28C2AEEA00A29125 /* Debug */,
				DF608F7028C2AEEA00A29125 /* Release */,
			);
			defaultConfigurationIsVisible = 0;
			defaultConfigurationName = Release;
		};
		DF608F7128C2AEEA00A29125 /* Build configuration list for PBXNativeTarget "NavigationApp" */ = {
			isa = XCConfigurationList;
			buildConfigurations = (
				DF608F7228C2AEEA00A29125 /* Debug */,
				DF608F7328C2AEEA00A29125 /* Release */,
			);
			defaultConfigurationIsVisible = 0;
			defaultConfigurationName = Release;
		};
/* End XCConfigurationList section */
	};
	rootObject = DF608F5528C2AEE600A29125 /* Project object */;
}
